
Microsoft Visual Studio Solution File, Format Version 12.00
# Visual Studio Version 16
VisualStudioVersion = 16.0.30804.86
MinimumVisualStudioVersion = 10.0.40219.1
Project("{8BC9CEB8-8B4A-11D0-8D11-00A0C91BC942}") = "cringe league", "cringe league\cringe league.vcxproj", "{9BE763CE-BA7D-4ACA-9880-390977E102E4}"
	ProjectSection(ProjectDependencies) = postProject
		{4CB944AB-774B-4831-AA8A-F80A7A93A605} = {4CB944AB-774B-4831-AA8A-F80A7A93A605}
	EndProjectSection
EndProject
Project("{8BC9CEB8-8B4A-11D0-8D11-00A0C91BC942}") = "the bomb", "the bomb\the bomb.vcxproj", "{4CB944AB-774B-4831-AA8A-F80A7A93A605}"
EndProject
Global
	GlobalSection(SolutionConfigurationPlatforms) = preSolution
		Debug|x64 = Debug|x64
		Debug|x86 = Debug|x86
		Release|x64 = Release|x64
		Release|x86 = Release|x86
	EndGlobalSection
	GlobalSection(ProjectConfigurationPlatforms) = postSolution
		{9BE763CE-BA7D-4ACA-9880-390977E102E4}.Debug|x64.ActiveCfg = Debug|x64
		{9BE763CE-BA7D-4ACA-9880-390977E102E4}.Debug|x64.Build.0 = Debug|x64
		{9BE763CE-BA7D-4ACA-9880-390977E102E4}.Debug|x86.ActiveCfg = Debug|Win32
		{9BE763CE-BA7D-4ACA-9880-390977E102E4}.Debug|x86.Build.0 = Debug|Win32
		{9BE763CE-BA7D-4ACA-9880-390977E102E4}.Release|x64.ActiveCfg = Release|x64
		{9BE763CE-BA7D-4ACA-9880-390977E102E4}.Release|x64.Build.0 = Release|x64
		{9BE763CE-BA7D-4ACA-9880-390977E102E4}.Release|x86.ActiveCfg = Release|Win32
		{9BE763CE-BA7D-4ACA-9880-390977E102E4}.Release|x86.Build.0 = Release|Win32
		{4CB944AB-774B-4831-AA8A-F80A7A93A605}.Debug|x64.ActiveCfg = Debug|x64
		{4CB944AB-774B-4831-AA8A-F80A7A93A605}.Debug|x64.Build.0 = Debug|x64
		{4CB944AB-774B-4831-AA8A-F80A7A93A605}.Debug|x86.ActiveCfg = Debug|Win32
		{4CB944AB-774B-4831-AA8A-F80A7A93A605}.Debug|x86.Build.0 = Debug|Win32
		{4CB944AB-774B-4831-AA8A-F80A7A93A605}.Release|x64.ActiveCfg = Release|x64
		{4CB944AB-774B-4831-AA8A-F80A7A93A605}.Release|x64.Build.0 = Release|x64
		{4CB944AB-774B-4831-AA8A-F80A7A93A605}.Release|x86.ActiveCfg = Release|Win32
		{4CB944AB-774B-4831-AA8A-F80A7A93A605}.Release|x86.Build.0 = Release|Win32
	EndGlobalSection
	GlobalSection(SolutionProperties) = preSolution
		HideSolutionNode = FALSE
	EndGlobalSection
	GlobalSection(ExtensibilityGlobals) = postSolution
		SolutionGuid = {6939D129-E445-47D5-819B-278672C7050A}
	EndGlobalSection
EndGlobal
